// !$*UTF8*$!
{
	archiveVersion = 1;
	classes = {
	};
	objectVersion = 56;
	objects = {

/* Begin PBXBuildFile section */
		30352E79294B7E3800D0A793 /* IOS_Sample_ProjectApp.swift in Sources */ = {isa = PBXBuildFile; fileRef = 30352E78294B7E3800D0A793 /* IOS_Sample_ProjectApp.swift */; };
		30352E7B294B7E3800D0A793 /* ContentView.swift in Sources */ = {isa = PBXBuildFile; fileRef = 30352E7A294B7E3800D0A793 /* ContentView.swift */; };
		30352E7D294B7E3A00D0A793 /* Assets.xcassets in Resources */ = {isa = PBXBuildFile; fileRef = 30352E7C294B7E3A00D0A793 /* Assets.xcassets */; };
		30352E80294B7E3A00D0A793 /* Preview Assets.xcassets in Resources */ = {isa = PBXBuildFile; fileRef = 30352E7F294B7E3A00D0A793 /* Preview Assets.xcassets */; };
		30352E8B294B8D1300D0A793 /* LoginPageView.swift in Sources */ = {isa = PBXBuildFile; fileRef = 30352E8A294B8D1300D0A793 /* LoginPageView.swift */; };
		30352E90294B92FC00D0A793 /* CustomShape.swift in Sources */ = {isa = PBXBuildFile; fileRef = 30352E8F294B92FC00D0A793 /* CustomShape.swift */; };
		30352E92294B99A100D0A793 /* CustomButton.swift in Sources */ = {isa = PBXBuildFile; fileRef = 30352E91294B99A100D0A793 /* CustomButton.swift */; };
		30352E97294B9AA600D0A793 /* OutlinedTextFieldStyle.swift in Sources */ = {isa = PBXBuildFile; fileRef = 30352E96294B9AA600D0A793 /* OutlinedTextFieldStyle.swift */; };
		30352E9A294BA5C700D0A793 /* CenterModifier.swift in Sources */ = {isa = PBXBuildFile; fileRef = 30352E99294BA5C700D0A793 /* CenterModifier.swift */; };
		30C7210A294CDCDA000DE315 /* PostData.swift in Sources */ = {isa = PBXBuildFile; fileRef = 30C72109294CDCDA000DE315 /* PostData.swift */; };
		30C7210E294CE800000DE315 /* LoginModel.swift in Sources */ = {isa = PBXBuildFile; fileRef = 30C7210D294CE800000DE315 /* LoginModel.swift */; };
		30C72110294CF314000DE315 /* ProgressBar.swift in Sources */ = {isa = PBXBuildFile; fileRef = 30C7210F294CF314000DE315 /* ProgressBar.swift */; };
		30C72116294D084E000DE315 /* LoginResponse.swift in Sources */ = {isa = PBXBuildFile; fileRef = 30C72115294D084E000DE315 /* LoginResponse.swift */; };
		30C72118294D085B000DE315 /* LoginRequest.swift in Sources */ = {isa = PBXBuildFile; fileRef = 30C72117294D085B000DE315 /* LoginRequest.swift */; };
		30C7211A294D0947000DE315 /* LoginViewModel.swift in Sources */ = {isa = PBXBuildFile; fileRef = 30C72119294D0947000DE315 /* LoginViewModel.swift */; };
		30C7211C294D0964000DE315 /* LoginValidation.swift in Sources */ = {isa = PBXBuildFile; fileRef = 30C7211B294D0964000DE315 /* LoginValidation.swift */; };
		30C72121294D0A82000DE315 /* LoginResource.swift in Sources */ = {isa = PBXBuildFile; fileRef = 30C72120294D0A82000DE315 /* LoginResource.swift */; };
		30C72123294D0ACC000DE315 /* HttpUtility.swift in Sources */ = {isa = PBXBuildFile; fileRef = 30C72122294D0ACC000DE315 /* HttpUtility.swift */; };
/* End PBXBuildFile section */

/* Begin PBXFileReference section */
		30352E75294B7E3800D0A793 /* IOS_Sample_Project.app */ = {isa = PBXFileReference; explicitFileType = wrapper.application; includeInIndex = 0; path = IOS_Sample_Project.app; sourceTree = BUILT_PRODUCTS_DIR; };
		30352E78294B7E3800D0A793 /* IOS_Sample_ProjectApp.swift */ = {isa = PBXFileReference; lastKnownFileType = sourcecode.swift; path = IOS_Sample_ProjectApp.swift; sourceTree = "<group>"; };
		30352E7A294B7E3800D0A793 /* ContentView.swift */ = {isa = PBXFileReference; lastKnownFileType = sourcecode.swift; path = ContentView.swift; sourceTree = "<group>"; };
		30352E7C294B7E3A00D0A793 /* Assets.xcassets */ = {isa = PBXFileReference; lastKnownFileType = folder.assetcatalog; path = Assets.xcassets; sourceTree = "<group>"; };
		30352E7F294B7E3A00D0A793 /* Preview Assets.xcassets */ = {isa = PBXFileReference; lastKnownFileType = folder.assetcatalog; path = "Preview Assets.xcassets"; sourceTree = "<group>"; };
		30352E89294B7F1300D0A793 /* IOS-Sample-Project-Info.plist */ = {isa = PBXFileReference; lastKnownFileType = text.plist; path = "IOS-Sample-Project-Info.plist"; sourceTree = SOURCE_ROOT; };
		30352E8A294B8D1300D0A793 /* LoginPageView.swift */ = {isa = PBXFileReference; lastKnownFileType = sourcecode.swift; path = LoginPageView.swift; sourceTree = "<group>"; };
		30352E8F294B92FC00D0A793 /* CustomShape.swift */ = {isa = PBXFileReference; lastKnownFileType = sourcecode.swift; path = CustomShape.swift; sourceTree = "<group>"; };
		30352E91294B99A100D0A793 /* CustomButton.swift */ = {isa = PBXFileReference; lastKnownFileType = sourcecode.swift; path = CustomButton.swift; sourceTree = "<group>"; };
		30352E96294B9AA600D0A793 /* OutlinedTextFieldStyle.swift */ = {isa = PBXFileReference; lastKnownFileType = sourcecode.swift; path = OutlinedTextFieldStyle.swift; sourceTree = "<group>"; };
		30352E99294BA5C700D0A793 /* CenterModifier.swift */ = {isa = PBXFileReference; lastKnownFileType = sourcecode.swift; path = CenterModifier.swift; sourceTree = "<group>"; };
		30C72109294CDCDA000DE315 /* PostData.swift */ = {isa = PBXFileReference; fileEncoding = 4; lastKnownFileType = sourcecode.swift; path = PostData.swift; sourceTree = "<group>"; };
		30C7210D294CE800000DE315 /* LoginModel.swift */ = {isa = PBXFileReference; lastKnownFileType = sourcecode.swift; path = LoginModel.swift; sourceTree = "<group>"; };
		30C7210F294CF314000DE315 /* ProgressBar.swift */ = {isa = PBXFileReference; lastKnownFileType = sourcecode.swift; path = ProgressBar.swift; sourceTree = "<group>"; };
		30C72115294D084E000DE315 /* LoginResponse.swift */ = {isa = PBXFileReference; fileEncoding = 4; lastKnownFileType = sourcecode.swift; path = LoginResponse.swift; sourceTree = "<group>"; };
		30C72117294D085B000DE315 /* LoginRequest.swift */ = {isa = PBXFileReference; fileEncoding = 4; lastKnownFileType = sourcecode.swift; path = LoginRequest.swift; sourceTree = "<group>"; };
		30C72119294D0947000DE315 /* LoginViewModel.swift */ = {isa = PBXFileReference; fileEncoding = 4; lastKnownFileType = sourcecode.swift; path = LoginViewModel.swift; sourceTree = "<group>"; };
		30C7211B294D0964000DE315 /* LoginValidation.swift */ = {isa = PBXFileReference; fileEncoding = 4; lastKnownFileType = sourcecode.swift; path = LoginValidation.swift; sourceTree = "<group>"; };
		30C72120294D0A82000DE315 /* LoginResource.swift */ = {isa = PBXFileReference; fileEncoding = 4; lastKnownFileType = sourcecode.swift; path = LoginResource.swift; sourceTree = "<group>"; };
		30C72122294D0ACC000DE315 /* HttpUtility.swift */ = {isa = PBXFileReference; fileEncoding = 4; lastKnownFileType = sourcecode.swift; path = HttpUtility.swift; sourceTree = "<group>"; };
/* End PBXFileReference section */

/* Begin PBXFrameworksBuildPhase section */
		30352E72294B7E3800D0A793 /* Frameworks */ = {
			isa = PBXFrameworksBuildPhase;
			buildActionMask = 2147483647;
			files = (
			);
			runOnlyForDeploymentPostprocessing = 0;
		};
/* End PBXFrameworksBuildPhase section */

/* Begin PBXGroup section */
		30352E6C294B7E3800D0A793 = {
			isa = PBXGroup;
			children = (
				30352E77294B7E3800D0A793 /* IOS_Sample_Project */,
				30352E76294B7E3800D0A793 /* Products */,
			);
			sourceTree = "<group>";
		};
		30352E76294B7E3800D0A793 /* Products */ = {
			isa = PBXGroup;
			children = (
				30352E75294B7E3800D0A793 /* IOS_Sample_Project.app */,
			);
			name = Products;
			sourceTree = "<group>";
		};
		30352E77294B7E3800D0A793 /* IOS_Sample_Project */ = {
			isa = PBXGroup;
			children = (
				30C7211F294D0A6D000DE315 /* Resource */,
				30C72114294D0785000DE315 /* ViewModel */,
				30C72113294D0773000DE315 /* Validation */,
				30352E98294BA59300D0A793 /* Modifier */,
				30352E95294B9A9100D0A793 /* Styles */,
				30352E8C294B928F00D0A793 /* Utility */,
				30352E89294B7F1300D0A793 /* IOS-Sample-Project-Info.plist */,
				30352E88294B7EA600D0A793 /* Model */,
				30352E87294B7E9900D0A793 /* Views */,
				30352E86294B7E8F00D0A793 /* App */,
				30352E7C294B7E3A00D0A793 /* Assets.xcassets */,
				30352E7E294B7E3A00D0A793 /* Preview Content */,
			);
			path = IOS_Sample_Project;
			sourceTree = "<group>";
		};
		30352E7E294B7E3A00D0A793 /* Preview Content */ = {
			isa = PBXGroup;
			children = (
				30352E7F294B7E3A00D0A793 /* Preview Assets.xcassets */,
			);
			path = "Preview Content";
			sourceTree = "<group>";
		};
		30352E86294B7E8F00D0A793 /* App */ = {
			isa = PBXGroup;
			children = (
				30352E8A294B8D1300D0A793 /* LoginPageView.swift */,
				30352E78294B7E3800D0A793 /* IOS_Sample_ProjectApp.swift */,
				30352E7A294B7E3800D0A793 /* ContentView.swift */,
			);
			path = App;
			sourceTree = "<group>";
		};
		30352E87294B7E9900D0A793 /* Views */ = {
			isa = PBXGroup;
			children = (
				30352E91294B99A100D0A793 /* CustomButton.swift */,
				30C7210F294CF314000DE315 /* ProgressBar.swift */,
			);
			path = Views;
			sourceTree = "<group>";
		};
		30352E88294B7EA600D0A793 /* Model */ = {
			isa = PBXGroup;
			children = (
				30C72112294D0735000DE315 /* Request */,
				30C72111294D072A000DE315 /* Response */,
				30C72109294CDCDA000DE315 /* PostData.swift */,
				30C7210D294CE800000DE315 /* LoginModel.swift */,
			);
			path = Model;
			sourceTree = "<group>";
		};
		30352E8C294B928F00D0A793 /* Utility */ = {
			isa = PBXGroup;
			children = (
				30C72122294D0ACC000DE315 /* HttpUtility.swift */,
				30352E8F294B92FC00D0A793 /* CustomShape.swift */,
			);
			path = Utility;
			sourceTree = "<group>";
		};
		30352E95294B9A9100D0A793 /* Styles */ = {
			isa = PBXGroup;
			children = (
				30352E96294B9AA600D0A793 /* OutlinedTextFieldStyle.swift */,
			);
			path = Styles;
			sourceTree = "<group>";
		};
		30352E98294BA59300D0A793 /* Modifier */ = {
			isa = PBXGroup;
			children = (
				30352E99294BA5C700D0A793 /* CenterModifier.swift */,
			);
			path = Modifier;
			sourceTree = "<group>";
		};
		30C72111294D072A000DE315 /* Response */ = {
			isa = PBXGroup;
			children = (
				30C72115294D084E000DE315 /* LoginResponse.swift */,
			);
			path = Response;
			sourceTree = "<group>";
		};
		30C72112294D0735000DE315 /* Request */ = {
			isa = PBXGroup;
			children = (
				30C72117294D085B000DE315 /* LoginRequest.swift */,
			);
			path = Request;
			sourceTree = "<group>";
		};
		30C72113294D0773000DE315 /* Validation */ = {
			isa = PBXGroup;
			children = (
				30C7211B294D0964000DE315 /* LoginValidation.swift */,
			);
			path = Validation;
			sourceTree = "<group>";
		};
		30C72114294D0785000DE315 /* ViewModel */ = {
			isa = PBXGroup;
			children = (
				30C72119294D0947000DE315 /* LoginViewModel.swift */,
			);
			path = ViewModel;
			sourceTree = "<group>";
		};
		30C7211F294D0A6D000DE315 /* Resource */ = {
			isa = PBXGroup;
			children = (
				30C72120294D0A82000DE315 /* LoginResource.swift */,
			);
			path = Resource;
			sourceTree = "<group>";
		};
/* End PBXGroup section */

/* Begin PBXNativeTarget section */
		30352E74294B7E3800D0A793 /* IOS_Sample_Project */ = {
			isa = PBXNativeTarget;
			buildConfigurationList = 30352E83294B7E3A00D0A793 /* Build configuration list for PBXNativeTarget "IOS_Sample_Project" */;
			buildPhases = (
				30352E71294B7E3800D0A793 /* Sources */,
				30352E72294B7E3800D0A793 /* Frameworks */,
				30352E73294B7E3800D0A793 /* Resources */,
			);
			buildRules = (
			);
			dependencies = (
			);
			name = IOS_Sample_Project;
			productName = IOS_Sample_Project;
			productReference = 30352E75294B7E3800D0A793 /* IOS_Sample_Project.app */;
			productType = "com.apple.product-type.application";
		};
/* End PBXNativeTarget section */

/* Begin PBXProject section */
		30352E6D294B7E3800D0A793 /* Project object */ = {
			isa = PBXProject;
			attributes = {
				BuildIndependentTargetsInParallel = 1;
				LastSwiftUpdateCheck = 1400;
				LastUpgradeCheck = 1400;
				TargetAttributes = {
					30352E74294B7E3800D0A793 = {
						CreatedOnToolsVersion = 14.0.1;
					};
				};
			};
			buildConfigurationList = 30352E70294B7E3800D0A793 /* Build configuration list for PBXProject "IOS_Sample_Project" */;
			compatibilityVersion = "Xcode 14.0";
			developmentRegion = en;
			hasScannedForEncodings = 0;
			knownRegions = (
				en,
				Base,
			);
			mainGroup = 30352E6C294B7E3800D0A793;
			productRefGroup = 30352E76294B7E3800D0A793 /* Products */;
			projectDirPath = "";
			projectRoot = "";
			targets = (
				30352E74294B7E3800D0A793 /* IOS_Sample_Project */,
			);
		};
/* End PBXProject section */

/* Begin PBXResourcesBuildPhase section */
		30352E73294B7E3800D0A793 /* Resources */ = {
			isa = PBXResourcesBuildPhase;
			buildActionMask = 2147483647;
			files = (
				30352E80294B7E3A00D0A793 /* Preview Assets.xcassets in Resources */,
				30352E7D294B7E3A00D0A793 /* Assets.xcassets in Resources */,
			);
			runOnlyForDeploymentPostprocessing = 0;
		};
/* End PBXResourcesBuildPhase section */

/* Begin PBXSourcesBuildPhase section */
		30352E71294B7E3800D0A793 /* Sources */ = {
			isa = PBXSourcesBuildPhase;
			buildActionMask = 2147483647;
			files = (
				30C72123294D0ACC000DE315 /* HttpUtility.swift in Sources */,
				30352E90294B92FC00D0A793 /* CustomShape.swift in Sources */,
				30C72121294D0A82000DE315 /* LoginResource.swift in Sources */,
				30C72110294CF314000DE315 /* ProgressBar.swift in Sources */,
				30C7210A294CDCDA000DE315 /* PostData.swift in Sources */,
				30C72118294D085B000DE315 /* LoginRequest.swift in Sources */,
				30352E7B294B7E3800D0A793 /* ContentView.swift in Sources */,
				30352E79294B7E3800D0A793 /* IOS_Sample_ProjectApp.swift in Sources */,
				30352E9A294BA5C700D0A793 /* CenterModifier.swift in Sources */,
				30C7210E294CE800000DE315 /* LoginModel.swift in Sources */,
				30C7211A294D0947000DE315 /* LoginViewModel.swift in Sources */,
				30352E8B294B8D1300D0A793 /* LoginPageView.swift in Sources */,
				30C7211C294D0964000DE315 /* LoginValidation.swift in Sources */,
				30352E92294B99A100D0A793 /* CustomButton.swift in Sources */,
				30C72116294D084E000DE315 /* LoginResponse.swift in Sources */,
				30352E97294B9AA600D0A793 /* OutlinedTextFieldStyle.swift in Sources */,
			);
			runOnlyForDeploymentPostprocessing = 0;
		};
/* End PBXSourcesBuildPhase section */

/* Begin XCBuildConfiguration section */
		30352E81294B7E3A00D0A793 /* Debug */ = {
			isa = XCBuildConfiguration;
			buildSettings = {
				ALWAYS_SEARCH_USER_PATHS = NO;
				CLANG_ANALYZER_NONNULL = YES;
				CLANG_ANALYZER_NUMBER_OBJECT_CONVERSION = YES_AGGRESSIVE;
				CLANG_CXX_LANGUAGE_STANDARD = "gnu++20";
				CLANG_ENABLE_MODULES = YES;
				CLANG_ENABLE_OBJC_ARC = YES;
				CLANG_ENABLE_OBJC_WEAK = YES;
				CLANG_WARN_BLOCK_CAPTURE_AUTORELEASING = YES;
				CLANG_WARN_BOOL_CONVERSION = YES;
				CLANG_WARN_COMMA = YES;
				CLANG_WARN_CONSTANT_CONVERSION = YES;
				CLANG_WARN_DEPRECATED_OBJC_IMPLEMENTATIONS = YES;
				CLANG_WARN_DIRECT_OBJC_ISA_USAGE = YES_ERROR;
				CLANG_WARN_DOCUMENTATION_COMMENTS = YES;
				CLANG_WARN_EMPTY_BODY = YES;
				CLANG_WARN_ENUM_CONVERSION = YES;
				CLANG_WARN_INFINITE_RECURSION = YES;
				CLANG_WARN_INT_CONVERSION = YES;
				CLANG_WARN_NON_LITERAL_NULL_CONVERSION = YES;
				CLANG_WARN_OBJC_IMPLICIT_RETAIN_SELF = YES;
				CLANG_WARN_OBJC_LITERAL_CONVERSION = YES;
				CLANG_WARN_OBJC_ROOT_CLASS = YES_ERROR;
				CLANG_WARN_QUOTED_INCLUDE_IN_FRAMEWORK_HEADER = YES;
				CLANG_WARN_RANGE_LOOP_ANALYSIS = YES;
				CLANG_WARN_STRICT_PROTOTYPES = YES;
				CLANG_WARN_SUSPICIOUS_MOVE = YES;
				CLANG_WARN_UNGUARDED_AVAILABILITY = YES_AGGRESSIVE;
				CLANG_WARN_UNREACHABLE_CODE = YES;
				CLANG_WARN__DUPLICATE_METHOD_MATCH = YES;
				COPY_PHASE_STRIP = NO;
				DEBUG_INFORMATION_FORMAT = dwarf;
				ENABLE_STRICT_OBJC_MSGSEND = YES;
				ENABLE_TESTABILITY = YES;
				GCC_C_LANGUAGE_STANDARD = gnu11;
				GCC_DYNAMIC_NO_PIC = NO;
				GCC_NO_COMMON_BLOCKS = YES;
				GCC_OPTIMIZATION_LEVEL = 0;
				GCC_PREPROCESSOR_DEFINITIONS = (
					"DEBUG=1",
					"$(inherited)",
				);
				GCC_WARN_64_TO_32_BIT_CONVERSION = YES;
				GCC_WARN_ABOUT_RETURN_TYPE = YES_ERROR;
				GCC_WARN_UNDECLARED_SELECTOR = YES;
				GCC_WARN_UNINITIALIZED_AUTOS = YES_AGGRESSIVE;
				GCC_WARN_UNUSED_FUNCTION = YES;
				GCC_WARN_UNUSED_VARIABLE = YES;
				IPHONEOS_DEPLOYMENT_TARGET = 16.0;
				MTL_ENABLE_DEBUG_INFO = INCLUDE_SOURCE;
				MTL_FAST_MATH = YES;
				ONLY_ACTIVE_ARCH = YES;
				SDKROOT = iphoneos;
				SWIFT_ACTIVE_COMPILATION_CONDITIONS = DEBUG;
				SWIFT_OPTIMIZATION_LEVEL = "-Onone";
			};
			name = Debug;
		};
		30352E82294B7E3A00D0A793 /* Release */ = {
			isa = XCBuildConfiguration;
			buildSettings = {
				ALWAYS_SEARCH_USER_PATHS = NO;
				CLANG_ANALYZER_NONNULL = YES;
				CLANG_ANALYZER_NUMBER_OBJECT_CONVERSION = YES_AGGRESSIVE;
				CLANG_CXX_LANGUAGE_STANDARD = "gnu++20";
				CLANG_ENABLE_MODULES = YES;
				CLANG_ENABLE_OBJC_ARC = YES;
				CLANG_ENABLE_OBJC_WEAK = YES;
				CLANG_WARN_BLOCK_CAPTURE_AUTORELEASING = YES;
				CLANG_WARN_BOOL_CONVERSION = YES;
				CLANG_WARN_COMMA = YES;
				CLANG_WARN_CONSTANT_CONVERSION = YES;
				CLANG_WARN_DEPRECATED_OBJC_IMPLEMENTATIONS = YES;
				CLANG_WARN_DIRECT_OBJC_ISA_USAGE = YES_ERROR;
				CLANG_WARN_DOCUMENTATION_COMMENTS = YES;
				CLANG_WARN_EMPTY_BODY = YES;
				CLANG_WARN_ENUM_CONVERSION = YES;
				CLANG_WARN_INFINITE_RECURSION = YES;
				CLANG_WARN_INT_CONVERSION = YES;
				CLANG_WARN_NON_LITERAL_NULL_CONVERSION = YES;
				CLANG_WARN_OBJC_IMPLICIT_RETAIN_SELF = YES;
				CLANG_WARN_OBJC_LITERAL_CONVERSION = YES;
				CLANG_WARN_OBJC_ROOT_CLASS = YES_ERROR;
				CLANG_WARN_QUOTED_INCLUDE_IN_FRAMEWORK_HEADER = YES;
				CLANG_WARN_RANGE_LOOP_ANALYSIS = YES;
				CLANG_WARN_STRICT_PROTOTYPES = YES;
				CLANG_WARN_SUSPICIOUS_MOVE = YES;
				CLANG_WARN_UNGUARDED_AVAILABILITY = YES_AGGRESSIVE;
				CLANG_WARN_UNREACHABLE_CODE = YES;
				CLANG_WARN__DUPLICATE_METHOD_MATCH = YES;
				COPY_PHASE_STRIP = NO;
				DEBUG_INFORMATION_FORMAT = "dwarf-with-dsym";
				ENABLE_NS_ASSERTIONS = NO;
				ENABLE_STRICT_OBJC_MSGSEND = YES;
				GCC_C_LANGUAGE_STANDARD = gnu11;
				GCC_NO_COMMON_BLOCKS = YES;
				GCC_WARN_64_TO_32_BIT_CONVERSION = YES;
				GCC_WARN_ABOUT_RETURN_TYPE = YES_ERROR;
				GCC_WARN_UNDECLARED_SELECTOR = YES;
				GCC_WARN_UNINITIALIZED_AUTOS = YES_AGGRESSIVE;
				GCC_WARN_UNUSED_FUNCTION = YES;
				GCC_WARN_UNUSED_VARIABLE = YES;
				IPHONEOS_DEPLOYMENT_TARGET = 16.0;
				MTL_ENABLE_DEBUG_INFO = NO;
				MTL_FAST_MATH = YES;
				SDKROOT = iphoneos;
				SWIFT_COMPILATION_MODE = wholemodule;
				SWIFT_OPTIMIZATION_LEVEL = "-O";
				VALIDATE_PRODUCT = YES;
			};
			name = Release;
		};
		30352E84294B7E3A00D0A793 /* Debug */ = {
			isa = XCBuildConfiguration;
			buildSettings = {
				ASSETCATALOG_COMPILER_APPICON_NAME = AppIcon;
				ASSETCATALOG_COMPILER_GLOBAL_ACCENT_COLOR_NAME = AccentColor;
				CODE_SIGN_STYLE = Automatic;
				CURRENT_PROJECT_VERSION = 1;
				DEVELOPMENT_ASSET_PATHS = "\"IOS_Sample_Project/Preview Content\"";
				ENABLE_PREVIEWS = YES;
				GENERATE_INFOPLIST_FILE = YES;
				INFOPLIST_FILE = "IOS-Sample-Project-Info.plist";
				INFOPLIST_KEY_UIApplicationSceneManifest_Generation = YES;
				INFOPLIST_KEY_UIApplicationSupportsIndirectInputEvents = YES;
				INFOPLIST_KEY_UISupportedInterfaceOrientations_iPad = "UIInterfaceOrientationPortrait UIInterfaceOrientationPortraitUpsideDown UIInterfaceOrientationLandscapeLeft UIInterfaceOrientationLandscapeRight";
				INFOPLIST_KEY_UISupportedInterfaceOrientations_iPhone = "UIInterfaceOrientationPortrait UIInterfaceOrientationLandscapeLeft UIInterfaceOrientationLandscapeRight";
				LD_RUNPATH_SEARCH_PATHS = (
					"$(inherited)",
					"@executable_path/Frameworks",
				);
				MARKETING_VERSION = 1.0;
				PRODUCT_BUNDLE_IDENTIFIER = "com.apptomate.IOS-Sample-Project";
				PRODUCT_NAME = "$(TARGET_NAME)";
				SWIFT_EMIT_LOC_STRINGS = YES;
				SWIFT_VERSION = 5.0;
				TARGETED_DEVICE_FAMILY = "1,2";
			};
			name = Debug;
		};
		30352E85294B7E3A00D0A793 /* Release */ = {
			isa = XCBuildConfiguration;
			buildSettings = {
				ASSETCATALOG_COMPILER_APPICON_NAME = AppIcon;
				ASSETCATALOG_COMPILER_GLOBAL_ACCENT_COLOR_NAME = AccentColor;
				CODE_SIGN_STYLE = Automatic;
				CURRENT_PROJECT_VERSION = 1;
				DEVELOPMENT_ASSET_PATHS = "\"IOS_Sample_Project/Preview Content\"";
				ENABLE_PREVIEWS = YES;
				GENERATE_INFOPLIST_FILE = YES;
				INFOPLIST_FILE = "IOS-Sample-Project-Info.plist";
				INFOPLIST_KEY_UIApplicationSceneManifest_Generation = YES;
				INFOPLIST_KEY_UIApplicationSupportsIndirectInputEvents = YES;
				INFOPLIST_KEY_UISupportedInterfaceOrientations_iPad = "UIInterfaceOrientationPortrait UIInterfaceOrientationPortraitUpsideDown UIInterfaceOrientationLandscapeLeft UIInterfaceOrientationLandscapeRight";
				INFOPLIST_KEY_UISupportedInterfaceOrientations_iPhone = "UIInterfaceOrientationPortrait UIInterfaceOrientationLandscapeLeft UIInterfaceOrientationLandscapeRight";
				LD_RUNPATH_SEARCH_PATHS = (
					"$(inherited)",
					"@executable_path/Frameworks",
				);
				MARKETING_VERSION = 1.0;
				PRODUCT_BUNDLE_IDENTIFIER = "com.apptomate.IOS-Sample-Project";
				PRODUCT_NAME = "$(TARGET_NAME)";
				SWIFT_EMIT_LOC_STRINGS = YES;
				SWIFT_VERSION = 5.0;
				TARGETED_DEVICE_FAMILY = "1,2";
			};
			name = Release;
		};
/* End XCBuildConfiguration section */

/* Begin XCConfigurationList section */
		30352E70294B7E3800D0A793 /* Build configuration list for PBXProject "IOS_Sample_Project" */ = {
			isa = XCConfigurationList;
			buildConfigurations = (
				30352E81294B7E3A00D0A793 /* Debug */,
				30352E82294B7E3A00D0A793 /* Release */,
			);
			defaultConfigurationIsVisible = 0;
			defaultConfigurationName = Release;
		};
		30352E83294B7E3A00D0A793 /* Build configuration list for PBXNativeTarget "IOS_Sample_Project" */ = {
			isa = XCConfigurationList;
			buildConfigurations = (
				30352E84294B7E3A00D0A793 /* Debug */,
				30352E85294B7E3A00D0A793 /* Release */,
			);
			defaultConfigurationIsVisible = 0;
			defaultConfigurationName = Release;
		};
/* End XCConfigurationList section */
	};
	rootObject = 30352E6D294B7E3800D0A793 /* Project object */;
}
